
Microsoft Visual Studio Solution File, Format Version 12.00
# Visual Studio Version 17
VisualStudioVersion = 17.5.002.0
MinimumVisualStudioVersion = 10.0.40219.1
Project("{9A19103F-16F7-4668-BE54-9A1E7A4F7556}") = "desafio-dotnet-celular-dio", "desafio-dotnet-celular-dio.csproj", "{F186DC60-8B5C-4956-99CB-068F441936DF}"
EndProject
Global
	GlobalSection(SolutionConfigurationPlatforms) = preSolution
		Debug|Any CPU = Debug|Any CPU
		Release|Any CPU = Release|Any CPU
	EndGlobalSection
	GlobalSection(ProjectConfigurationPlatforms) = postSolution
		{F186DC60-8B5C-4956-99CB-068F441936DF}.Debug|Any CPU.ActiveCfg = Debug|Any CPU
		{F186DC60-8B5C-4956-99CB-068F441936DF}.Debug|Any CPU.Build.0 = Debug|Any CPU
		{F186DC60-8B5C-4956-99CB-068F441936DF}.Release|Any CPU.ActiveCfg = Release|Any CPU
		{F186DC60-8B5C-4956-99CB-068F441936DF}.Release|Any CPU.Build.0 = Release|Any CPU
	EndGlobalSection
	GlobalSection(SolutionProperties) = preSolution
		HideSolutionNode = FALSE
	EndGlobalSection
	GlobalSection(ExtensibilityGlobals) = postSolution
		SolutionGuid = {482ED23E-3052-4576-8B63-666C7FCA3A4C}
	EndGlobalSection
EndGlobal
